// !$*UTF8*$!
{
	archiveVersion = 1;
	classes = {
	};
	objectVersion = 50;
	objects = {

/* Begin PBXBuildFile section */
		03076A072505EF8E00CDF16C /* kofi1@2x.png in Resources */ = {isa = PBXBuildFile; fileRef = 03076A062505EF8E00CDF16C /* kofi1@2x.png */; };
		0316C21A2577DD6B007BAF70 /* AerialDesktop.m in Sources */ = {isa = PBXBuildFile; fileRef = 0316C2182577DD6B007BAF70 /* AerialDesktop.m */; };
		0316C21B2577DD6B007BAF70 /* AerialDesktop.xib in Resources */ = {isa = PBXBuildFile; fileRef = 0316C2192577DD6B007BAF70 /* AerialDesktop.xib */; };
		0316C21F2577EBF6007BAF70 /* DesktopLauncher.swift in Sources */ = {isa = PBXBuildFile; fileRef = 0316C21E2577EBF6007BAF70 /* DesktopLauncher.swift */; };
		0319375527B06FB40089A063 /* SettingsWindowController.swift in Sources */ = {isa = PBXBuildFile; fileRef = 0319375327B06FB40089A063 /* SettingsWindowController.swift */; };
		0319375627B06FB40089A063 /* SettingsWindowController.xib in Resources */ = {isa = PBXBuildFile; fileRef = 0319375427B06FB40089A063 /* SettingsWindowController.xib */; };
		0319460624CDBD2600F37B35 /* BackgroundCheck.swift in Sources */ = {isa = PBXBuildFile; fileRef = 0319460524CDBD2600F37B35 /* BackgroundCheck.swift */; };
		031954C0256409EC0058467C /* SaverLauncher.swift in Sources */ = {isa = PBXBuildFile; fileRef = 031954BF256409EC0058467C /* SaverLauncher.swift */; };
		031A3A6724D835B10011E738 /* InfoWindowController.swift in Sources */ = {isa = PBXBuildFile; fileRef = 031A3A6524D835B10011E738 /* InfoWindowController.swift */; };
		031A3A6824D835B10011E738 /* InfoWindowController.xib in Resources */ = {isa = PBXBuildFile; fileRef = 031A3A6624D835B10011E738 /* InfoWindowController.xib */; };
		031D3E5F27B0110200FC4115 /* ModernPopoverViewController.swift in Sources */ = {isa = PBXBuildFile; fileRef = 031D3E5D27B0110200FC4115 /* ModernPopoverViewController.swift */; };
		031D3E6027B0110200FC4115 /* ModernPopoverViewController.xib in Resources */ = {isa = PBXBuildFile; fileRef = 031D3E5E27B0110200FC4115 /* ModernPopoverViewController.xib */; };
		0323BBE924E005280041759E /* checkmark.circle.pdf in Resources */ = {isa = PBXBuildFile; fileRef = 0323BBE824E005270041759E /* checkmark.circle.pdf */; };
		0323BBEB24E0067C0041759E /* exclamationmark.triangle.pdf in Resources */ = {isa = PBXBuildFile; fileRef = 0323BBEA24E0067C0041759E /* exclamationmark.triangle.pdf */; };
		0333115224D8369700E4622D /* btn_donate.png in Resources */ = {isa = PBXBuildFile; fileRef = 0333115124D8369700E4622D /* btn_donate.png */; };
		0333115624D8448E00E4622D /* MenuViewController.swift in Sources */ = {isa = PBXBuildFile; fileRef = 0333115424D8448E00E4622D /* MenuViewController.swift */; };
		0333115924D85CCA00E4622D /* String+version.swift in Sources */ = {isa = PBXBuildFile; fileRef = 0333115824D85CCA00E4622D /* String+version.swift */; };
		0333115B24D85D4600E4622D /* UpdaterVersion.swift in Sources */ = {isa = PBXBuildFile; fileRef = 0333115A24D85D4600E4622D /* UpdaterVersion.swift */; };
		0333115E24D8796F00E4622D /* UpdateCheckWindowController.swift in Sources */ = {isa = PBXBuildFile; fileRef = 0333115C24D8796F00E4622D /* UpdateCheckWindowController.swift */; };
		0333115F24D8796F00E4622D /* UpdateCheckWindowController.xib in Resources */ = {isa = PBXBuildFile; fileRef = 0333115D24D8796F00E4622D /* UpdateCheckWindowController.xib */; };
		033B0B5424E95DDD00622CA7 /* FirstTimeSetupWindowController.swift in Sources */ = {isa = PBXBuildFile; fileRef = 033B0B5224E95DDD00622CA7 /* FirstTimeSetupWindowController.swift */; };
		033B0B5524E95DDD00622CA7 /* FirstTimeSetupWindowController.xib in Resources */ = {isa = PBXBuildFile; fileRef = 033B0B5324E95DDD00622CA7 /* FirstTimeSetupWindowController.xib */; };
		033B0B5924E9644D00622CA7 /* WelcomeViewController.swift in Sources */ = {isa = PBXBuildFile; fileRef = 033B0B5724E9644D00622CA7 /* WelcomeViewController.swift */; };
		033B0B5A24E9644D00622CA7 /* WelcomeViewController.xib in Resources */ = {isa = PBXBuildFile; fileRef = 033B0B5824E9644D00622CA7 /* WelcomeViewController.xib */; };
		033B0B5D24E9655E00622CA7 /* ReleaseViewController.swift in Sources */ = {isa = PBXBuildFile; fileRef = 033B0B5B24E9655E00622CA7 /* ReleaseViewController.swift */; };
		033B0B5E24E9655E00622CA7 /* ReleaseViewController.xib in Resources */ = {isa = PBXBuildFile; fileRef = 033B0B5C24E9655E00622CA7 /* ReleaseViewController.xib */; };
		033B0B6124E9658D00622CA7 /* MenuModeViewController.swift in Sources */ = {isa = PBXBuildFile; fileRef = 033B0B5F24E9658D00622CA7 /* MenuModeViewController.swift */; };
		033B0B6224E9658D00622CA7 /* MenuModeViewController.xib in Resources */ = {isa = PBXBuildFile; fileRef = 033B0B6024E9658D00622CA7 /* MenuModeViewController.xib */; };
		033B0B6524E967C600622CA7 /* NextViewController.swift in Sources */ = {isa = PBXBuildFile; fileRef = 033B0B6324E967C600622CA7 /* NextViewController.swift */; };
		033B0B6624E967C600622CA7 /* NextViewController.xib in Resources */ = {isa = PBXBuildFile; fileRef = 033B0B6424E967C600622CA7 /* NextViewController.xib */; };
		033B0B6924E96CE200622CA7 /* ant.pdf in Resources */ = {isa = PBXBuildFile; fileRef = 033B0B6824E96CE200622CA7 /* ant.pdf */; };
		033B0B6C24E96D4C00622CA7 /* sun.max.pdf in Resources */ = {isa = PBXBuildFile; fileRef = 033B0B6A24E96D4C00622CA7 /* sun.max.pdf */; };
		033B0B6D24E96D4C00622CA7 /* cloud.sun.rain.pdf in Resources */ = {isa = PBXBuildFile; fileRef = 033B0B6B24E96D4C00622CA7 /* cloud.sun.rain.pdf */; };
		033B0B7124E9749400622CA7 /* clock.pdf in Resources */ = {isa = PBXBuildFile; fileRef = 033B0B6E24E9749300622CA7 /* clock.pdf */; };
		033B0B7224E9749400622CA7 /* moon.zzz.pdf in Resources */ = {isa = PBXBuildFile; fileRef = 033B0B6F24E9749400622CA7 /* moon.zzz.pdf */; };
		033B0B7324E9749400622CA7 /* exclamationmark.bubble.pdf in Resources */ = {isa = PBXBuildFile; fileRef = 033B0B7024E9749400622CA7 /* exclamationmark.bubble.pdf */; };
		033B0B7624E9767700622CA7 /* ThanksViewController.swift in Sources */ = {isa = PBXBuildFile; fileRef = 033B0B7424E9767700622CA7 /* ThanksViewController.swift */; };
		033B0B7724E9767700622CA7 /* ThanksViewController.xib in Resources */ = {isa = PBXBuildFile; fileRef = 033B0B7524E9767700622CA7 /* ThanksViewController.xib */; };
		03592AB224CC765500C1AE52 /* Preferences.swift in Sources */ = {isa = PBXBuildFile; fileRef = 03592AB124CC765500C1AE52 /* Preferences.swift */; };
		03592AB524CC809F00C1AE52 /* LocalVersion.swift in Sources */ = {isa = PBXBuildFile; fileRef = 03592AB424CC809F00C1AE52 /* LocalVersion.swift */; };
		03592AB824CC80FD00C1AE52 /* Helpers.swift in Sources */ = {isa = PBXBuildFile; fileRef = 03592AB724CC80FD00C1AE52 /* Helpers.swift */; };
		03592ABC24CC821500C1AE52 /* Update.swift in Sources */ = {isa = PBXBuildFile; fileRef = 03592ABB24CC821500C1AE52 /* Update.swift */; };
		03592ABE24CC86E900C1AE52 /* CachedManifest.swift in Sources */ = {isa = PBXBuildFile; fileRef = 03592ABD24CC86E900C1AE52 /* CachedManifest.swift */; };
		035F6F1C24CC8D97002E4EEE /* ErrorLog.swift in Sources */ = {isa = PBXBuildFile; fileRef = 035F6F1B24CC8D97002E4EEE /* ErrorLog.swift */; };
		036899942522608200136AE5 /* MenuView.xib in Resources */ = {isa = PBXBuildFile; fileRef = 036899962522608200136AE5 /* MenuView.xib */; };
		036899A925235C5A00136AE5 /* Consts.swift in Sources */ = {isa = PBXBuildFile; fileRef = 036899A825235C5A00136AE5 /* Consts.swift */; };
		03889BFA24FA5EE4007C6B9B /* WindowMode.m in Sources */ = {isa = PBXBuildFile; fileRef = 03889BF924FA5EE4007C6B9B /* WindowMode.m */; };
		03ADA8EC24E034A40093D0A2 /* LaunchAgent.swift in Sources */ = {isa = PBXBuildFile; fileRef = 03ADA8EB24E034A40093D0A2 /* LaunchAgent.swift */; };
		03BA141824FA8FE800BAAE1D /* AerialWindow.m in Sources */ = {isa = PBXBuildFile; fileRef = 03BA141624FA8FE800BAAE1D /* AerialWindow.m */; };
		03BA141924FA8FE800BAAE1D /* AerialWindow.xib in Resources */ = {isa = PBXBuildFile; fileRef = 03BA141724FA8FE800BAAE1D /* AerialWindow.xib */; };
		03C491B624FBBDA00041D71C /* ExperimentalReadmeWindowController.swift in Sources */ = {isa = PBXBuildFile; fileRef = 03C491B424FBBDA00041D71C /* ExperimentalReadmeWindowController.swift */; };
		03C491B724FBBDA00041D71C /* ExperimentalReadmeWindowController.xib in Resources */ = {isa = PBXBuildFile; fileRef = 03C491B524FBBDA00041D71C /* ExperimentalReadmeWindowController.xib */; };
		03CE4F5924CB0CA700494D32 /* AppDelegate.swift in Sources */ = {isa = PBXBuildFile; fileRef = 03CE4F5824CB0CA700494D32 /* AppDelegate.swift */; };
		03CE4F5D24CB0CA900494D32 /* Assets.xcassets in Resources */ = {isa = PBXBuildFile; fileRef = 03CE4F5C24CB0CA900494D32 /* Assets.xcassets */; };
		03CE4F6024CB0CA900494D32 /* Main.storyboard in Resources */ = {isa = PBXBuildFile; fileRef = 03CE4F5E24CB0CA900494D32 /* Main.storyboard */; };
		03CE4F7E24CB43FE00494D32 /* Manifest.swift in Sources */ = {isa = PBXBuildFile; fileRef = 03CE4F7D24CB43FE00494D32 /* Manifest.swift */; };
		03CE4F8024CB4CFB00494D32 /* FileDownloader.swift in Sources */ = {isa = PBXBuildFile; fileRef = 03CE4F7F24CB4CFB00494D32 /* FileDownloader.swift */; };
		03F5E1472575360600BF4F45 /* icon-512@2x.png in Resources */ = {isa = PBXBuildFile; fileRef = 03F5E1462575360600BF4F45 /* icon-512@2x.png */; };
		03F5E14A2575369200BF4F45 /* LogoIcon-128px@2x.png in Resources */ = {isa = PBXBuildFile; fileRef = 03F5E1492575369200BF4F45 /* LogoIcon-128px@2x.png */; };
		F003C15429116AE1003FCB17 /* HostedSettingsWindowController.swift in Sources */ = {isa = PBXBuildFile; fileRef = F003C15329116AE1003FCB17 /* HostedSettingsWindowController.swift */; };
		F05C63B228F1D9D50068B545 /* CompanionPopoverViewController.swift in Sources */ = {isa = PBXBuildFile; fileRef = F05C63B028F1D9D50068B545 /* CompanionPopoverViewController.swift */; };
		F05C63B328F1D9D50068B545 /* CompanionPopoverViewController.xib in Resources */ = {isa = PBXBuildFile; fileRef = F05C63B128F1D9D50068B545 /* CompanionPopoverViewController.xib */; };
		F05C63B528F21A390068B545 /* menubar.dock.rectangle.svg in Resources */ = {isa = PBXBuildFile; fileRef = F05C63B428F21A390068B545 /* menubar.dock.rectangle.svg */; };
		F05C63B728F326300068B545 /* SystemPrefs.swift in Sources */ = {isa = PBXBuildFile; fileRef = F05C63B628F326300068B545 /* SystemPrefs.swift */; };
		F0A3E09928845B8D005E8D8D /* main.swift in Sources */ = {isa = PBXBuildFile; fileRef = F0A3E09828845B8D005E8D8D /* main.swift */; };
		F0A3E0A028845C1D005E8D8D /* MusicKit.framework in Frameworks */ = {isa = PBXBuildFile; fileRef = F0A3E09F28845C1D005E8D8D /* MusicKit.framework */; };
/* End PBXBuildFile section */

/* Begin PBXCopyFilesBuildPhase section */
		F0A3E09428845B8D005E8D8D /* CopyFiles */ = {
			isa = PBXCopyFilesBuildPhase;
			buildActionMask = 2147483647;
			dstPath = /usr/share/man/man1/;
			dstSubfolderSpec = 0;
			files = (
			);
			runOnlyForDeploymentPostprocessing = 1;
		};
/* End PBXCopyFilesBuildPhase section */

/* Begin PBXFileReference section */
		03076A062505EF8E00CDF16C /* kofi1@2x.png */ = {isa = PBXFileReference; lastKnownFileType = image.png; path = "kofi1@2x.png"; sourceTree = "<group>"; };
		0316C2172577DD6A007BAF70 /* AerialDesktop.h */ = {isa = PBXFileReference; lastKnownFileType = sourcecode.c.h; path = AerialDesktop.h; sourceTree = "<group>"; };
		0316C2182577DD6B007BAF70 /* AerialDesktop.m */ = {isa = PBXFileReference; lastKnownFileType = sourcecode.c.objc; path = AerialDesktop.m; sourceTree = "<group>"; };
		0316C2192577DD6B007BAF70 /* AerialDesktop.xib */ = {isa = PBXFileReference; lastKnownFileType = file.xib; path = AerialDesktop.xib; sourceTree = "<group>"; };
		0316C21E2577EBF6007BAF70 /* DesktopLauncher.swift */ = {isa = PBXFileReference; lastKnownFileType = sourcecode.swift; path = DesktopLauncher.swift; sourceTree = "<group>"; };
		0319375327B06FB40089A063 /* SettingsWindowController.swift */ = {isa = PBXFileReference; lastKnownFileType = sourcecode.swift; path = SettingsWindowController.swift; sourceTree = "<group>"; };
		0319375427B06FB40089A063 /* SettingsWindowController.xib */ = {isa = PBXFileReference; lastKnownFileType = file.xib; path = SettingsWindowController.xib; sourceTree = "<group>"; };
		0319460524CDBD2600F37B35 /* BackgroundCheck.swift */ = {isa = PBXFileReference; lastKnownFileType = sourcecode.swift; path = BackgroundCheck.swift; sourceTree = "<group>"; };
		031954BF256409EC0058467C /* SaverLauncher.swift */ = {isa = PBXFileReference; lastKnownFileType = sourcecode.swift; path = SaverLauncher.swift; sourceTree = "<group>"; };
		031A3A6524D835B10011E738 /* InfoWindowController.swift */ = {isa = PBXFileReference; lastKnownFileType = sourcecode.swift; path = InfoWindowController.swift; sourceTree = "<group>"; };
		031A3A6624D835B10011E738 /* InfoWindowController.xib */ = {isa = PBXFileReference; lastKnownFileType = file.xib; path = InfoWindowController.xib; sourceTree = "<group>"; };
		031D3E5C27B0006A00FC4115 /* AerialView.h */ = {isa = PBXFileReference; lastKnownFileType = sourcecode.c.h; path = AerialView.h; sourceTree = "<group>"; };
		031D3E5D27B0110200FC4115 /* ModernPopoverViewController.swift */ = {isa = PBXFileReference; lastKnownFileType = sourcecode.swift; path = ModernPopoverViewController.swift; sourceTree = "<group>"; };
		031D3E5E27B0110200FC4115 /* ModernPopoverViewController.xib */ = {isa = PBXFileReference; lastKnownFileType = file.xib; path = ModernPopoverViewController.xib; sourceTree = "<group>"; };
		0323BBE824E005270041759E /* checkmark.circle.pdf */ = {isa = PBXFileReference; lastKnownFileType = image.pdf; path = checkmark.circle.pdf; sourceTree = "<group>"; };
		0323BBEA24E0067C0041759E /* exclamationmark.triangle.pdf */ = {isa = PBXFileReference; lastKnownFileType = image.pdf; path = exclamationmark.triangle.pdf; sourceTree = "<group>"; };
		0333115124D8369700E4622D /* btn_donate.png */ = {isa = PBXFileReference; lastKnownFileType = image.png; path = btn_donate.png; sourceTree = "<group>"; };
		0333115424D8448E00E4622D /* MenuViewController.swift */ = {isa = PBXFileReference; lastKnownFileType = sourcecode.swift; path = MenuViewController.swift; sourceTree = "<group>"; };
		0333115824D85CCA00E4622D /* String+version.swift */ = {isa = PBXFileReference; lastKnownFileType = sourcecode.swift; path = "String+version.swift"; sourceTree = "<group>"; };
		0333115A24D85D4600E4622D /* UpdaterVersion.swift */ = {isa = PBXFileReference; lastKnownFileType = sourcecode.swift; path = UpdaterVersion.swift; sourceTree = "<group>"; };
		0333115C24D8796F00E4622D /* UpdateCheckWindowController.swift */ = {isa = PBXFileReference; lastKnownFileType = sourcecode.swift; path = UpdateCheckWindowController.swift; sourceTree = "<group>"; };
		0333115D24D8796F00E4622D /* UpdateCheckWindowController.xib */ = {isa = PBXFileReference; lastKnownFileType = file.xib; path = UpdateCheckWindowController.xib; sourceTree = "<group>"; };
		033B0B5224E95DDD00622CA7 /* FirstTimeSetupWindowController.swift */ = {isa = PBXFileReference; lastKnownFileType = sourcecode.swift; path = FirstTimeSetupWindowController.swift; sourceTree = "<group>"; };
		033B0B5324E95DDD00622CA7 /* FirstTimeSetupWindowController.xib */ = {isa = PBXFileReference; lastKnownFileType = file.xib; path = FirstTimeSetupWindowController.xib; sourceTree = "<group>"; };
		033B0B5724E9644D00622CA7 /* WelcomeViewController.swift */ = {isa = PBXFileReference; lastKnownFileType = sourcecode.swift; path = WelcomeViewController.swift; sourceTree = "<group>"; };
		033B0B5824E9644D00622CA7 /* WelcomeViewController.xib */ = {isa = PBXFileReference; lastKnownFileType = file.xib; path = WelcomeViewController.xib; sourceTree = "<group>"; };
		033B0B5B24E9655E00622CA7 /* ReleaseViewController.swift */ = {isa = PBXFileReference; lastKnownFileType = sourcecode.swift; path = ReleaseViewController.swift; sourceTree = "<group>"; };
		033B0B5C24E9655E00622CA7 /* ReleaseViewController.xib */ = {isa = PBXFileReference; lastKnownFileType = file.xib; path = ReleaseViewController.xib; sourceTree = "<group>"; };
		033B0B5F24E9658D00622CA7 /* MenuModeViewController.swift */ = {isa = PBXFileReference; lastKnownFileType = sourcecode.swift; path = MenuModeViewController.swift; sourceTree = "<group>"; };
		033B0B6024E9658D00622CA7 /* MenuModeViewController.xib */ = {isa = PBXFileReference; lastKnownFileType = file.xib; path = MenuModeViewController.xib; sourceTree = "<group>"; };
		033B0B6324E967C600622CA7 /* NextViewController.swift */ = {isa = PBXFileReference; lastKnownFileType = sourcecode.swift; path = NextViewController.swift; sourceTree = "<group>"; };
		033B0B6424E967C600622CA7 /* NextViewController.xib */ = {isa = PBXFileReference; lastKnownFileType = file.xib; path = NextViewController.xib; sourceTree = "<group>"; };
		033B0B6824E96CE200622CA7 /* ant.pdf */ = {isa = PBXFileReference; lastKnownFileType = image.pdf; path = ant.pdf; sourceTree = "<group>"; };
		033B0B6A24E96D4C00622CA7 /* sun.max.pdf */ = {isa = PBXFileReference; lastKnownFileType = image.pdf; path = sun.max.pdf; sourceTree = "<group>"; };
		033B0B6B24E96D4C00622CA7 /* cloud.sun.rain.pdf */ = {isa = PBXFileReference; lastKnownFileType = image.pdf; path = cloud.sun.rain.pdf; sourceTree = "<group>"; };
		033B0B6E24E9749300622CA7 /* clock.pdf */ = {isa = PBXFileReference; lastKnownFileType = image.pdf; path = clock.pdf; sourceTree = "<group>"; };
		033B0B6F24E9749400622CA7 /* moon.zzz.pdf */ = {isa = PBXFileReference; lastKnownFileType = image.pdf; path = moon.zzz.pdf; sourceTree = "<group>"; };
		033B0B7024E9749400622CA7 /* exclamationmark.bubble.pdf */ = {isa = PBXFileReference; lastKnownFileType = image.pdf; path = exclamationmark.bubble.pdf; sourceTree = "<group>"; };
		033B0B7424E9767700622CA7 /* ThanksViewController.swift */ = {isa = PBXFileReference; lastKnownFileType = sourcecode.swift; path = ThanksViewController.swift; sourceTree = "<group>"; };
		033B0B7524E9767700622CA7 /* ThanksViewController.xib */ = {isa = PBXFileReference; lastKnownFileType = file.xib; path = ThanksViewController.xib; sourceTree = "<group>"; };
		03592AB124CC765500C1AE52 /* Preferences.swift */ = {isa = PBXFileReference; lastKnownFileType = sourcecode.swift; path = Preferences.swift; sourceTree = "<group>"; };
		03592AB424CC809F00C1AE52 /* LocalVersion.swift */ = {isa = PBXFileReference; lastKnownFileType = sourcecode.swift; path = LocalVersion.swift; sourceTree = "<group>"; };
		03592AB724CC80FD00C1AE52 /* Helpers.swift */ = {isa = PBXFileReference; lastKnownFileType = sourcecode.swift; path = Helpers.swift; sourceTree = "<group>"; };
		03592ABB24CC821500C1AE52 /* Update.swift */ = {isa = PBXFileReference; lastKnownFileType = sourcecode.swift; path = Update.swift; sourceTree = "<group>"; };
		03592ABD24CC86E900C1AE52 /* CachedManifest.swift */ = {isa = PBXFileReference; lastKnownFileType = sourcecode.swift; path = CachedManifest.swift; sourceTree = "<group>"; };
		035F6F1B24CC8D97002E4EEE /* ErrorLog.swift */ = {isa = PBXFileReference; lastKnownFileType = sourcecode.swift; path = ErrorLog.swift; sourceTree = "<group>"; };
		036899952522608200136AE5 /* en */ = {isa = PBXFileReference; lastKnownFileType = file.xib; name = en; path = en.lproj/MenuView.xib; sourceTree = "<group>"; };
		036899982522608900136AE5 /* Base */ = {isa = PBXFileReference; lastKnownFileType = file.xib; name = Base; path = Base.lproj/MenuView.xib; sourceTree = "<group>"; };
		036899A825235C5A00136AE5 /* Consts.swift */ = {isa = PBXFileReference; lastKnownFileType = sourcecode.swift; path = Consts.swift; sourceTree = "<group>"; };
		03889BF724FA5EE4007C6B9B /* Aerial-Bridging-Header.h */ = {isa = PBXFileReference; lastKnownFileType = sourcecode.c.h; path = "Aerial-Bridging-Header.h"; sourceTree = "<group>"; };
		03889BF824FA5EE4007C6B9B /* WindowMode.h */ = {isa = PBXFileReference; lastKnownFileType = sourcecode.c.h; path = WindowMode.h; sourceTree = "<group>"; };
		03889BF924FA5EE4007C6B9B /* WindowMode.m */ = {isa = PBXFileReference; lastKnownFileType = sourcecode.c.objc; path = WindowMode.m; sourceTree = "<group>"; };
		03ADA8EB24E034A40093D0A2 /* LaunchAgent.swift */ = {isa = PBXFileReference; lastKnownFileType = sourcecode.swift; path = LaunchAgent.swift; sourceTree = "<group>"; };
		03BA141524FA8FE800BAAE1D /* AerialWindow.h */ = {isa = PBXFileReference; lastKnownFileType = sourcecode.c.h; path = AerialWindow.h; sourceTree = "<group>"; };
		03BA141624FA8FE800BAAE1D /* AerialWindow.m */ = {isa = PBXFileReference; lastKnownFileType = sourcecode.c.objc; path = AerialWindow.m; sourceTree = "<group>"; };
		03BA141724FA8FE800BAAE1D /* AerialWindow.xib */ = {isa = PBXFileReference; lastKnownFileType = file.xib; path = AerialWindow.xib; sourceTree = "<group>"; };
		03C491B424FBBDA00041D71C /* ExperimentalReadmeWindowController.swift */ = {isa = PBXFileReference; lastKnownFileType = sourcecode.swift; path = ExperimentalReadmeWindowController.swift; sourceTree = "<group>"; };
		03C491B524FBBDA00041D71C /* ExperimentalReadmeWindowController.xib */ = {isa = PBXFileReference; lastKnownFileType = file.xib; path = ExperimentalReadmeWindowController.xib; sourceTree = "<group>"; };
		03CE4F5524CB0CA700494D32 /* Aerial Companion.app */ = {isa = PBXFileReference; explicitFileType = wrapper.application; includeInIndex = 0; path = "Aerial Companion.app"; sourceTree = BUILT_PRODUCTS_DIR; };
		03CE4F5824CB0CA700494D32 /* AppDelegate.swift */ = {isa = PBXFileReference; lastKnownFileType = sourcecode.swift; path = AppDelegate.swift; sourceTree = "<group>"; };
		03CE4F5C24CB0CA900494D32 /* Assets.xcassets */ = {isa = PBXFileReference; lastKnownFileType = folder.assetcatalog; path = Assets.xcassets; sourceTree = "<group>"; };
		03CE4F5F24CB0CA900494D32 /* Base */ = {isa = PBXFileReference; lastKnownFileType = file.storyboard; name = Base; path = Base.lproj/Main.storyboard; sourceTree = "<group>"; };
		03CE4F6124CB0CA900494D32 /* Info.plist */ = {isa = PBXFileReference; lastKnownFileType = text.plist.xml; path = Info.plist; sourceTree = "<group>"; };
		03CE4F6224CB0CA900494D32 /* AerialUpdater.entitlements */ = {isa = PBXFileReference; lastKnownFileType = text.plist.entitlements; path = AerialUpdater.entitlements; sourceTree = "<group>"; };
		03CE4F7D24CB43FE00494D32 /* Manifest.swift */ = {isa = PBXFileReference; lastKnownFileType = sourcecode.swift; path = Manifest.swift; sourceTree = "<group>"; };
		03CE4F7F24CB4CFB00494D32 /* FileDownloader.swift */ = {isa = PBXFileReference; lastKnownFileType = sourcecode.swift; path = FileDownloader.swift; sourceTree = "<group>"; };
		03F5E1462575360600BF4F45 /* icon-512@2x.png */ = {isa = PBXFileReference; lastKnownFileType = image.png; path = "icon-512@2x.png"; sourceTree = "<group>"; };
		03F5E1492575369200BF4F45 /* LogoIcon-128px@2x.png */ = {isa = PBXFileReference; lastKnownFileType = image.png; path = "LogoIcon-128px@2x.png"; sourceTree = "<group>"; };
		F003C15329116AE1003FCB17 /* HostedSettingsWindowController.swift */ = {isa = PBXFileReference; lastKnownFileType = sourcecode.swift; path = HostedSettingsWindowController.swift; sourceTree = "<group>"; };
		F05C63B028F1D9D50068B545 /* CompanionPopoverViewController.swift */ = {isa = PBXFileReference; lastKnownFileType = sourcecode.swift; path = CompanionPopoverViewController.swift; sourceTree = "<group>"; };
		F05C63B128F1D9D50068B545 /* CompanionPopoverViewController.xib */ = {isa = PBXFileReference; lastKnownFileType = file.xib; path = CompanionPopoverViewController.xib; sourceTree = "<group>"; };
		F05C63B428F21A390068B545 /* menubar.dock.rectangle.svg */ = {isa = PBXFileReference; fileEncoding = 4; lastKnownFileType = text.xml; path = menubar.dock.rectangle.svg; sourceTree = "<group>"; };
		F05C63B628F326300068B545 /* SystemPrefs.swift */ = {isa = PBXFileReference; lastKnownFileType = sourcecode.swift; path = SystemPrefs.swift; sourceTree = "<group>"; };
		F0A3E09628845B8D005E8D8D /* AerialMusicHelper */ = {isa = PBXFileReference; explicitFileType = "compiled.mach-o.executable"; includeInIndex = 0; path = AerialMusicHelper; sourceTree = BUILT_PRODUCTS_DIR; };
		F0A3E09828845B8D005E8D8D /* main.swift */ = {isa = PBXFileReference; lastKnownFileType = sourcecode.swift; path = main.swift; sourceTree = "<group>"; };
		F0A3E09D28845BD4005E8D8D /* Info.plist */ = {isa = PBXFileReference; lastKnownFileType = text.plist.xml; path = Info.plist; sourceTree = "<group>"; };
		F0A3E09F28845C1D005E8D8D /* MusicKit.framework */ = {isa = PBXFileReference; lastKnownFileType = wrapper.framework; name = MusicKit.framework; path = System/Library/Frameworks/MusicKit.framework; sourceTree = SDKROOT; };
/* End PBXFileReference section */

/* Begin PBXFrameworksBuildPhase section */
		03CE4F5224CB0CA700494D32 /* Frameworks */ = {
			isa = PBXFrameworksBuildPhase;
			buildActionMask = 2147483647;
			files = (
			);
			runOnlyForDeploymentPostprocessing = 0;
		};
		F0A3E09328845B8D005E8D8D /* Frameworks */ = {
			isa = PBXFrameworksBuildPhase;
			buildActionMask = 2147483647;
			files = (
				F0A3E0A028845C1D005E8D8D /* MusicKit.framework in Frameworks */,
			);
			runOnlyForDeploymentPostprocessing = 0;
		};
/* End PBXFrameworksBuildPhase section */

/* Begin PBXGroup section */
		0333115024D8360A00E4622D /* UI */ = {
			isa = PBXGroup;
			children = (
				03076A062505EF8E00CDF16C /* kofi1@2x.png */,
				0323BBE824E005270041759E /* checkmark.circle.pdf */,
				0323BBEA24E0067C0041759E /* exclamationmark.triangle.pdf */,
				0333115124D8369700E4622D /* btn_donate.png */,
				036899962522608200136AE5 /* MenuView.xib */,
				0333115424D8448E00E4622D /* MenuViewController.swift */,
				031A3A6624D835B10011E738 /* InfoWindowController.xib */,
				0319375327B06FB40089A063 /* SettingsWindowController.swift */,
				0319375427B06FB40089A063 /* SettingsWindowController.xib */,
				031A3A6524D835B10011E738 /* InfoWindowController.swift */,
				0333115D24D8796F00E4622D /* UpdateCheckWindowController.xib */,
				0333115C24D8796F00E4622D /* UpdateCheckWindowController.swift */,
				03C491B524FBBDA00041D71C /* ExperimentalReadmeWindowController.xib */,
				03C491B424FBBDA00041D71C /* ExperimentalReadmeWindowController.swift */,
				031D3E5E27B0110200FC4115 /* ModernPopoverViewController.xib */,
				031D3E5D27B0110200FC4115 /* ModernPopoverViewController.swift */,
				F05C63B128F1D9D50068B545 /* CompanionPopoverViewController.xib */,
				F05C63B028F1D9D50068B545 /* CompanionPopoverViewController.swift */,
			);
			path = UI;
			sourceTree = "<group>";
		};
		033B0B5624E9641A00622CA7 /* First Time setup */ = {
			isa = PBXGroup;
			children = (
				033B0B5324E95DDD00622CA7 /* FirstTimeSetupWindowController.xib */,
				033B0B5224E95DDD00622CA7 /* FirstTimeSetupWindowController.swift */,
				033B0B5824E9644D00622CA7 /* WelcomeViewController.xib */,
				033B0B5724E9644D00622CA7 /* WelcomeViewController.swift */,
				033B0B5C24E9655E00622CA7 /* ReleaseViewController.xib */,
				033B0B5B24E9655E00622CA7 /* ReleaseViewController.swift */,
				033B0B6024E9658D00622CA7 /* MenuModeViewController.xib */,
				033B0B5F24E9658D00622CA7 /* MenuModeViewController.swift */,
				033B0B7524E9767700622CA7 /* ThanksViewController.xib */,
				033B0B7424E9767700622CA7 /* ThanksViewController.swift */,
				033B0B6424E967C600622CA7 /* NextViewController.xib */,
				033B0B6324E967C600622CA7 /* NextViewController.swift */,
			);
			path = "First Time setup";
			sourceTree = "<group>";
		};
		033B0B6724E96CD100622CA7 /* Icons */ = {
			isa = PBXGroup;
			children = (
				F05C63B428F21A390068B545 /* menubar.dock.rectangle.svg */,
				03F5E1492575369200BF4F45 /* LogoIcon-128px@2x.png */,
				03F5E1462575360600BF4F45 /* icon-512@2x.png */,
				033B0B6B24E96D4C00622CA7 /* cloud.sun.rain.pdf */,
				033B0B6A24E96D4C00622CA7 /* sun.max.pdf */,
				033B0B6824E96CE200622CA7 /* ant.pdf */,
				033B0B6E24E9749300622CA7 /* clock.pdf */,
				033B0B7024E9749400622CA7 /* exclamationmark.bubble.pdf */,
				033B0B6F24E9749400622CA7 /* moon.zzz.pdf */,
			);
			path = Icons;
			sourceTree = "<group>";
		};
		03592AB624CC80A600C1AE52 /* Model */ = {
			isa = PBXGroup;
			children = (
				036899A825235C5A00136AE5 /* Consts.swift */,
				035F6F1924CC8774002E4EEE /* Manifest */,
				035F6F1A24CC8842002E4EEE /* Helpers */,
				03592AB124CC765500C1AE52 /* Preferences.swift */,
				03592AB424CC809F00C1AE52 /* LocalVersion.swift */,
				0333115A24D85D4600E4622D /* UpdaterVersion.swift */,
				03592ABB24CC821500C1AE52 /* Update.swift */,
				0319460524CDBD2600F37B35 /* BackgroundCheck.swift */,
				03ADA8EB24E034A40093D0A2 /* LaunchAgent.swift */,
				031954BF256409EC0058467C /* SaverLauncher.swift */,
				0316C21E2577EBF6007BAF70 /* DesktopLauncher.swift */,
				F05C63B628F326300068B545 /* SystemPrefs.swift */,
				F003C15329116AE1003FCB17 /* HostedSettingsWindowController.swift */,
			);
			path = Model;
			sourceTree = "<group>";
		};
		035F6F1924CC8774002E4EEE /* Manifest */ = {
			isa = PBXGroup;
			children = (
				03CE4F7D24CB43FE00494D32 /* Manifest.swift */,
				03592ABD24CC86E900C1AE52 /* CachedManifest.swift */,
			);
			path = Manifest;
			sourceTree = "<group>";
		};
		035F6F1A24CC8842002E4EEE /* Helpers */ = {
			isa = PBXGroup;
			children = (
				03592AB724CC80FD00C1AE52 /* Helpers.swift */,
				03CE4F7F24CB4CFB00494D32 /* FileDownloader.swift */,
				035F6F1B24CC8D97002E4EEE /* ErrorLog.swift */,
				0333115824D85CCA00E4622D /* String+version.swift */,
			);
			path = Helpers;
			sourceTree = "<group>";
		};
		03889BF624FA5EAC007C6B9B /* ObjC */ = {
			isa = PBXGroup;
			children = (
				03889BF824FA5EE4007C6B9B /* WindowMode.h */,
				03889BF924FA5EE4007C6B9B /* WindowMode.m */,
				03BA141524FA8FE800BAAE1D /* AerialWindow.h */,
				03BA141624FA8FE800BAAE1D /* AerialWindow.m */,
				03BA141724FA8FE800BAAE1D /* AerialWindow.xib */,
				0316C2172577DD6A007BAF70 /* AerialDesktop.h */,
				0316C2182577DD6B007BAF70 /* AerialDesktop.m */,
				0316C2192577DD6B007BAF70 /* AerialDesktop.xib */,
				03889BF724FA5EE4007C6B9B /* Aerial-Bridging-Header.h */,
				031D3E5C27B0006A00FC4115 /* AerialView.h */,
			);
			path = ObjC;
			sourceTree = "<group>";
		};
		03CE4F4C24CB0CA700494D32 = {
			isa = PBXGroup;
			children = (
				03CE4F5724CB0CA700494D32 /* AerialUpdater */,
				F0A3E09728845B8D005E8D8D /* AerialMusicHelper */,
				03CE4F5624CB0CA700494D32 /* Products */,
				F0A3E09E28845C1D005E8D8D /* Frameworks */,
			);
			sourceTree = "<group>";
		};
		03CE4F5624CB0CA700494D32 /* Products */ = {
			isa = PBXGroup;
			children = (
				03CE4F5524CB0CA700494D32 /* Aerial Companion.app */,
				F0A3E09628845B8D005E8D8D /* AerialMusicHelper */,
			);
			name = Products;
			sourceTree = "<group>";
		};
		03CE4F5724CB0CA700494D32 /* AerialUpdater */ = {
			isa = PBXGroup;
			children = (
				03889BF624FA5EAC007C6B9B /* ObjC */,
				033B0B6724E96CD100622CA7 /* Icons */,
				033B0B5624E9641A00622CA7 /* First Time setup */,
				0333115024D8360A00E4622D /* UI */,
				03CE4F5824CB0CA700494D32 /* AppDelegate.swift */,
				03CE4F5C24CB0CA900494D32 /* Assets.xcassets */,
				03CE4F5E24CB0CA900494D32 /* Main.storyboard */,
				03CE4F6124CB0CA900494D32 /* Info.plist */,
				03CE4F6224CB0CA900494D32 /* AerialUpdater.entitlements */,
				03592AB624CC80A600C1AE52 /* Model */,
			);
			path = AerialUpdater;
			sourceTree = "<group>";
		};
		F0A3E09728845B8D005E8D8D /* AerialMusicHelper */ = {
			isa = PBXGroup;
			children = (
				F0A3E09828845B8D005E8D8D /* main.swift */,
				F0A3E09D28845BD4005E8D8D /* Info.plist */,
			);
			path = AerialMusicHelper;
			sourceTree = "<group>";
		};
		F0A3E09E28845C1D005E8D8D /* Frameworks */ = {
			isa = PBXGroup;
			children = (
				F0A3E09F28845C1D005E8D8D /* MusicKit.framework */,
			);
			name = Frameworks;
			sourceTree = "<group>";
		};
/* End PBXGroup section */

/* Begin PBXNativeTarget section */
		03CE4F5424CB0CA700494D32 /* Aerial Companion */ = {
			isa = PBXNativeTarget;
			buildConfigurationList = 03CE4F6524CB0CA900494D32 /* Build configuration list for PBXNativeTarget "Aerial Companion" */;
			buildPhases = (
				03CE4F5124CB0CA700494D32 /* Sources */,
				03CE4F5224CB0CA700494D32 /* Frameworks */,
				03CE4F5324CB0CA700494D32 /* Resources */,
			);
			buildRules = (
			);
			dependencies = (
			);
			name = "Aerial Companion";
			productName = AerialUpdater;
			productReference = 03CE4F5524CB0CA700494D32 /* Aerial Companion.app */;
			productType = "com.apple.product-type.application";
		};
		F0A3E09528845B8D005E8D8D /* AerialMusicHelper */ = {
			isa = PBXNativeTarget;
			buildConfigurationList = F0A3E09A28845B8D005E8D8D /* Build configuration list for PBXNativeTarget "AerialMusicHelper" */;
			buildPhases = (
				F0A3E09228845B8D005E8D8D /* Sources */,
				F0A3E09328845B8D005E8D8D /* Frameworks */,
				F0A3E09428845B8D005E8D8D /* CopyFiles */,
			);
			buildRules = (
			);
			dependencies = (
			);
			name = AerialMusicHelper;
			productName = AerialMusicHelper;
			productReference = F0A3E09628845B8D005E8D8D /* AerialMusicHelper */;
			productType = "com.apple.product-type.tool";
		};
/* End PBXNativeTarget section */

/* Begin PBXProject section */
		03CE4F4D24CB0CA700494D32 /* Project object */ = {
			isa = PBXProject;
			attributes = {
				LastSwiftUpdateCheck = 1400;
				LastUpgradeCheck = 1300;
				TargetAttributes = {
					03CE4F5424CB0CA700494D32 = {
						CreatedOnToolsVersion = 12.0;
						LastSwiftMigration = 1200;
					};
					F0A3E09528845B8D005E8D8D = {
						CreatedOnToolsVersion = 14.0;
					};
				};
			};
			buildConfigurationList = 03CE4F5024CB0CA700494D32 /* Build configuration list for PBXProject "AerialUpdater" */;
			compatibilityVersion = "Xcode 9.3";
			developmentRegion = en;
			hasScannedForEncodings = 0;
			knownRegions = (
				en,
				Base,
			);
			mainGroup = 03CE4F4C24CB0CA700494D32;
			productRefGroup = 03CE4F5624CB0CA700494D32 /* Products */;
			projectDirPath = "";
			projectRoot = "";
			targets = (
				03CE4F5424CB0CA700494D32 /* Aerial Companion */,
				F0A3E09528845B8D005E8D8D /* AerialMusicHelper */,
			);
		};
/* End PBXProject section */

/* Begin PBXResourcesBuildPhase section */
		03CE4F5324CB0CA700494D32 /* Resources */ = {
			isa = PBXResourcesBuildPhase;
			buildActionMask = 2147483647;
			files = (
				0323BBEB24E0067C0041759E /* exclamationmark.triangle.pdf in Resources */,
				033B0B7224E9749400622CA7 /* moon.zzz.pdf in Resources */,
				03F5E1472575360600BF4F45 /* icon-512@2x.png in Resources */,
				03CE4F5D24CB0CA900494D32 /* Assets.xcassets in Resources */,
				033B0B5E24E9655E00622CA7 /* ReleaseViewController.xib in Resources */,
				031A3A6824D835B10011E738 /* InfoWindowController.xib in Resources */,
				0323BBE924E005280041759E /* checkmark.circle.pdf in Resources */,
				033B0B6624E967C600622CA7 /* NextViewController.xib in Resources */,
				036899942522608200136AE5 /* MenuView.xib in Resources */,
				033B0B7324E9749400622CA7 /* exclamationmark.bubble.pdf in Resources */,
				03BA141924FA8FE800BAAE1D /* AerialWindow.xib in Resources */,
				033B0B7724E9767700622CA7 /* ThanksViewController.xib in Resources */,
				033B0B7124E9749400622CA7 /* clock.pdf in Resources */,
				033B0B5A24E9644D00622CA7 /* WelcomeViewController.xib in Resources */,
				0333115224D8369700E4622D /* btn_donate.png in Resources */,
				033B0B6224E9658D00622CA7 /* MenuModeViewController.xib in Resources */,
				03CE4F6024CB0CA900494D32 /* Main.storyboard in Resources */,
				03F5E14A2575369200BF4F45 /* LogoIcon-128px@2x.png in Resources */,
				F05C63B328F1D9D50068B545 /* CompanionPopoverViewController.xib in Resources */,
				0319375627B06FB40089A063 /* SettingsWindowController.xib in Resources */,
				F05C63B528F21A390068B545 /* menubar.dock.rectangle.svg in Resources */,
				0316C21B2577DD6B007BAF70 /* AerialDesktop.xib in Resources */,
				033B0B5524E95DDD00622CA7 /* FirstTimeSetupWindowController.xib in Resources */,
				033B0B6924E96CE200622CA7 /* ant.pdf in Resources */,
				03076A072505EF8E00CDF16C /* kofi1@2x.png in Resources */,
				033B0B6D24E96D4C00622CA7 /* cloud.sun.rain.pdf in Resources */,
				0333115F24D8796F00E4622D /* UpdateCheckWindowController.xib in Resources */,
				033B0B6C24E96D4C00622CA7 /* sun.max.pdf in Resources */,
				031D3E6027B0110200FC4115 /* ModernPopoverViewController.xib in Resources */,
				03C491B724FBBDA00041D71C /* ExperimentalReadmeWindowController.xib in Resources */,
			);
			runOnlyForDeploymentPostprocessing = 0;
		};
/* End PBXResourcesBuildPhase section */

/* Begin PBXSourcesBuildPhase section */
		03CE4F5124CB0CA700494D32 /* Sources */ = {
			isa = PBXSourcesBuildPhase;
			buildActionMask = 2147483647;
			files = (
				0333115B24D85D4600E4622D /* UpdaterVersion.swift in Sources */,
				033B0B6524E967C600622CA7 /* NextViewController.swift in Sources */,
				0316C21A2577DD6B007BAF70 /* AerialDesktop.m in Sources */,
				03CE4F7E24CB43FE00494D32 /* Manifest.swift in Sources */,
				031A3A6724D835B10011E738 /* InfoWindowController.swift in Sources */,
				0319460624CDBD2600F37B35 /* BackgroundCheck.swift in Sources */,
				0333115924D85CCA00E4622D /* String+version.swift in Sources */,
				03889BFA24FA5EE4007C6B9B /* WindowMode.m in Sources */,
				036899A925235C5A00136AE5 /* Consts.swift in Sources */,
				03BA141824FA8FE800BAAE1D /* AerialWindow.m in Sources */,
				03592AB524CC809F00C1AE52 /* LocalVersion.swift in Sources */,
				F003C15429116AE1003FCB17 /* HostedSettingsWindowController.swift in Sources */,
				03592ABE24CC86E900C1AE52 /* CachedManifest.swift in Sources */,
				03592ABC24CC821500C1AE52 /* Update.swift in Sources */,
				031954C0256409EC0058467C /* SaverLauncher.swift in Sources */,
				033B0B7624E9767700622CA7 /* ThanksViewController.swift in Sources */,
				031D3E5F27B0110200FC4115 /* ModernPopoverViewController.swift in Sources */,
				0316C21F2577EBF6007BAF70 /* DesktopLauncher.swift in Sources */,
				033B0B6124E9658D00622CA7 /* MenuModeViewController.swift in Sources */,
				033B0B5424E95DDD00622CA7 /* FirstTimeSetupWindowController.swift in Sources */,
				0319375527B06FB40089A063 /* SettingsWindowController.swift in Sources */,
				033B0B5924E9644D00622CA7 /* WelcomeViewController.swift in Sources */,
				033B0B5D24E9655E00622CA7 /* ReleaseViewController.swift in Sources */,
				0333115624D8448E00E4622D /* MenuViewController.swift in Sources */,
				03592AB824CC80FD00C1AE52 /* Helpers.swift in Sources */,
				0333115E24D8796F00E4622D /* UpdateCheckWindowController.swift in Sources */,
				03592AB224CC765500C1AE52 /* Preferences.swift in Sources */,
				03C491B624FBBDA00041D71C /* ExperimentalReadmeWindowController.swift in Sources */,
				03CE4F5924CB0CA700494D32 /* AppDelegate.swift in Sources */,
				03ADA8EC24E034A40093D0A2 /* LaunchAgent.swift in Sources */,
				F05C63B228F1D9D50068B545 /* CompanionPopoverViewController.swift in Sources */,
				03CE4F8024CB4CFB00494D32 /* FileDownloader.swift in Sources */,
				035F6F1C24CC8D97002E4EEE /* ErrorLog.swift in Sources */,
				F05C63B728F326300068B545 /* SystemPrefs.swift in Sources */,
			);
			runOnlyForDeploymentPostprocessing = 0;
		};
		F0A3E09228845B8D005E8D8D /* Sources */ = {
			isa = PBXSourcesBuildPhase;
			buildActionMask = 2147483647;
			files = (
				F0A3E09928845B8D005E8D8D /* main.swift in Sources */,
			);
			runOnlyForDeploymentPostprocessing = 0;
		};
/* End PBXSourcesBuildPhase section */

/* Begin PBXVariantGroup section */
		036899962522608200136AE5 /* MenuView.xib */ = {
			isa = PBXVariantGroup;
			children = (
				036899952522608200136AE5 /* en */,
				036899982522608900136AE5 /* Base */,
			);
			name = MenuView.xib;
			sourceTree = "<group>";
		};
		03CE4F5E24CB0CA900494D32 /* Main.storyboard */ = {
			isa = PBXVariantGroup;
			children = (
				03CE4F5F24CB0CA900494D32 /* Base */,
			);
			name = Main.storyboard;
			sourceTree = "<group>";
		};
/* End PBXVariantGroup section */

/* Begin XCBuildConfiguration section */
		03CE4F6324CB0CA900494D32 /* Debug */ = {
			isa = XCBuildConfiguration;
			buildSettings = {
				ALWAYS_SEARCH_USER_PATHS = NO;
				CLANG_ANALYZER_NONNULL = YES;
				CLANG_ANALYZER_NUMBER_OBJECT_CONVERSION = YES_AGGRESSIVE;
				CLANG_CXX_LANGUAGE_STANDARD = "gnu++14";
				CLANG_CXX_LIBRARY = "libc++";
				CLANG_ENABLE_MODULES = YES;
				CLANG_ENABLE_OBJC_ARC = YES;
				CLANG_ENABLE_OBJC_WEAK = YES;
				CLANG_WARN_BLOCK_CAPTURE_AUTORELEASING = YES;
				CLANG_WARN_BOOL_CONVERSION = YES;
				CLANG_WARN_COMMA = YES;
				CLANG_WARN_CONSTANT_CONVERSION = YES;
				CLANG_WARN_DEPRECATED_OBJC_IMPLEMENTATIONS = YES;
				CLANG_WARN_DIRECT_OBJC_ISA_USAGE = YES_ERROR;
				CLANG_WARN_DOCUMENTATION_COMMENTS = YES;
				CLANG_WARN_EMPTY_BODY = YES;
				CLANG_WARN_ENUM_CONVERSION = YES;
				CLANG_WARN_INFINITE_RECURSION = YES;
				CLANG_WARN_INT_CONVERSION = YES;
				CLANG_WARN_NON_LITERAL_NULL_CONVERSION = YES;
				CLANG_WARN_OBJC_IMPLICIT_RETAIN_SELF = YES;
				CLANG_WARN_OBJC_LITERAL_CONVERSION = YES;
				CLANG_WARN_OBJC_ROOT_CLASS = YES_ERROR;
				CLANG_WARN_QUOTED_INCLUDE_IN_FRAMEWORK_HEADER = YES;
				CLANG_WARN_RANGE_LOOP_ANALYSIS = YES;
				CLANG_WARN_STRICT_PROTOTYPES = YES;
				CLANG_WARN_SUSPICIOUS_MOVE = YES;
				CLANG_WARN_UNGUARDED_AVAILABILITY = YES_AGGRESSIVE;
				CLANG_WARN_UNREACHABLE_CODE = YES;
				CLANG_WARN__DUPLICATE_METHOD_MATCH = YES;
				COPY_PHASE_STRIP = NO;
				DEBUG_INFORMATION_FORMAT = dwarf;
				ENABLE_STRICT_OBJC_MSGSEND = YES;
				ENABLE_TESTABILITY = YES;
				GCC_C_LANGUAGE_STANDARD = gnu11;
				GCC_DYNAMIC_NO_PIC = NO;
				GCC_NO_COMMON_BLOCKS = YES;
				GCC_OPTIMIZATION_LEVEL = 0;
				GCC_PREPROCESSOR_DEFINITIONS = (
					"DEBUG=1",
					"$(inherited)",
				);
				GCC_WARN_64_TO_32_BIT_CONVERSION = YES;
				GCC_WARN_ABOUT_RETURN_TYPE = YES_ERROR;
				GCC_WARN_UNDECLARED_SELECTOR = YES;
				GCC_WARN_UNINITIALIZED_AUTOS = YES_AGGRESSIVE;
				GCC_WARN_UNUSED_FUNCTION = YES;
				GCC_WARN_UNUSED_VARIABLE = YES;
				MACOSX_DEPLOYMENT_TARGET = 11.0;
				MTL_ENABLE_DEBUG_INFO = INCLUDE_SOURCE;
				MTL_FAST_MATH = YES;
				ONLY_ACTIVE_ARCH = YES;
				SDKROOT = macosx;
				SWIFT_ACTIVE_COMPILATION_CONDITIONS = DEBUG;
				SWIFT_OPTIMIZATION_LEVEL = "-Onone";
			};
			name = Debug;
		};
		03CE4F6424CB0CA900494D32 /* Release */ = {
			isa = XCBuildConfiguration;
			buildSettings = {
				ALWAYS_SEARCH_USER_PATHS = NO;
				CLANG_ANALYZER_NONNULL = YES;
				CLANG_ANALYZER_NUMBER_OBJECT_CONVERSION = YES_AGGRESSIVE;
				CLANG_CXX_LANGUAGE_STANDARD = "gnu++14";
				CLANG_CXX_LIBRARY = "libc++";
				CLANG_ENABLE_MODULES = YES;
				CLANG_ENABLE_OBJC_ARC = YES;
				CLANG_ENABLE_OBJC_WEAK = YES;
				CLANG_WARN_BLOCK_CAPTURE_AUTORELEASING = YES;
				CLANG_WARN_BOOL_CONVERSION = YES;
				CLANG_WARN_COMMA = YES;
				CLANG_WARN_CONSTANT_CONVERSION = YES;
				CLANG_WARN_DEPRECATED_OBJC_IMPLEMENTATIONS = YES;
				CLANG_WARN_DIRECT_OBJC_ISA_USAGE = YES_ERROR;
				CLANG_WARN_DOCUMENTATION_COMMENTS = YES;
				CLANG_WARN_EMPTY_BODY = YES;
				CLANG_WARN_ENUM_CONVERSION = YES;
				CLANG_WARN_INFINITE_RECURSION = YES;
				CLANG_WARN_INT_CONVERSION = YES;
				CLANG_WARN_NON_LITERAL_NULL_CONVERSION = YES;
				CLANG_WARN_OBJC_IMPLICIT_RETAIN_SELF = YES;
				CLANG_WARN_OBJC_LITERAL_CONVERSION = YES;
				CLANG_WARN_OBJC_ROOT_CLASS = YES_ERROR;
				CLANG_WARN_QUOTED_INCLUDE_IN_FRAMEWORK_HEADER = YES;
				CLANG_WARN_RANGE_LOOP_ANALYSIS = YES;
				CLANG_WARN_STRICT_PROTOTYPES = YES;
				CLANG_WARN_SUSPICIOUS_MOVE = YES;
				CLANG_WARN_UNGUARDED_AVAILABILITY = YES_AGGRESSIVE;
				CLANG_WARN_UNREACHABLE_CODE = YES;
				CLANG_WARN__DUPLICATE_METHOD_MATCH = YES;
				COPY_PHASE_STRIP = NO;
				DEBUG_INFORMATION_FORMAT = "dwarf-with-dsym";
				ENABLE_NS_ASSERTIONS = NO;
				ENABLE_STRICT_OBJC_MSGSEND = YES;
				GCC_C_LANGUAGE_STANDARD = gnu11;
				GCC_NO_COMMON_BLOCKS = YES;
				GCC_WARN_64_TO_32_BIT_CONVERSION = YES;
				GCC_WARN_ABOUT_RETURN_TYPE = YES_ERROR;
				GCC_WARN_UNDECLARED_SELECTOR = YES;
				GCC_WARN_UNINITIALIZED_AUTOS = YES_AGGRESSIVE;
				GCC_WARN_UNUSED_FUNCTION = YES;
				GCC_WARN_UNUSED_VARIABLE = YES;
				MACOSX_DEPLOYMENT_TARGET = 11.0;
				MTL_ENABLE_DEBUG_INFO = NO;
				MTL_FAST_MATH = YES;
				SDKROOT = macosx;
				SWIFT_COMPILATION_MODE = wholemodule;
				SWIFT_OPTIMIZATION_LEVEL = "-O";
			};
			name = Release;
		};
		03CE4F6624CB0CA900494D32 /* Debug */ = {
			isa = XCBuildConfiguration;
			buildSettings = {
				ASSETCATALOG_COMPILER_APPICON_NAME = AppIcon;
				ASSETCATALOG_COMPILER_GLOBAL_ACCENT_COLOR_NAME = AccentColor;
				CLANG_ENABLE_MODULES = YES;
				CODE_SIGN_ENTITLEMENTS = AerialUpdater/AerialUpdater.entitlements;
				CODE_SIGN_IDENTITY = "Apple Development";
				CODE_SIGN_STYLE = Automatic;
				COMBINE_HIDPI_IMAGES = YES;
				DEVELOPMENT_TEAM = 3L54M5L5KK;
				ENABLE_HARDENED_RUNTIME = YES;
				INFOPLIST_FILE = AerialUpdater/Info.plist;
				LD_RUNPATH_SEARCH_PATHS = (
					"$(inherited)",
					"@executable_path/../Frameworks",
				);
				MACOSX_DEPLOYMENT_TARGET = 10.12;
				MARKETING_VERSION = 1.5.0b3;
				PRODUCT_BUNDLE_IDENTIFIER = com.glouel.AerialUpdater;
				PRODUCT_NAME = "$(TARGET_NAME)";
				SWIFT_OBJC_BRIDGING_HEADER = "AerialUpdater/ObjC/Aerial-Bridging-Header.h";
				SWIFT_OPTIMIZATION_LEVEL = "-Onone";
				SWIFT_VERSION = 5.0;
			};
			name = Debug;
		};
		03CE4F6724CB0CA900494D32 /* Release */ = {
			isa = XCBuildConfiguration;
			buildSettings = {
				ASSETCATALOG_COMPILER_APPICON_NAME = AppIcon;
				ASSETCATALOG_COMPILER_GLOBAL_ACCENT_COLOR_NAME = AccentColor;
				CLANG_ENABLE_MODULES = YES;
				CODE_SIGN_ENTITLEMENTS = AerialUpdater/AerialUpdater.entitlements;
				CODE_SIGN_IDENTITY = "Apple Development";
				CODE_SIGN_STYLE = Automatic;
				COMBINE_HIDPI_IMAGES = YES;
				DEVELOPMENT_TEAM = 3L54M5L5KK;
				ENABLE_HARDENED_RUNTIME = YES;
				INFOPLIST_FILE = AerialUpdater/Info.plist;
				LD_RUNPATH_SEARCH_PATHS = (
					"$(inherited)",
					"@executable_path/../Frameworks",
				);
				MACOSX_DEPLOYMENT_TARGET = 10.12;
				MARKETING_VERSION = 1.5.0b3;
				OTHER_CODE_SIGN_FLAGS = "--deep";
				PRODUCT_BUNDLE_IDENTIFIER = com.glouel.AerialUpdater;
				PRODUCT_NAME = "$(TARGET_NAME)";
				SWIFT_OBJC_BRIDGING_HEADER = "AerialUpdater/ObjC/Aerial-Bridging-Header.h";
				SWIFT_VERSION = 5.0;
			};
			name = Release;
		};
		F0A3E09B28845B8D005E8D8D /* Debug */ = {
			isa = XCBuildConfiguration;
			buildSettings = {
				ASSETCATALOG_COMPILER_APPICON_NAME = AppIcon;
				CLANG_CXX_LANGUAGE_STANDARD = "gnu++20";
				CODE_SIGN_STYLE = Automatic;
				CURRENT_PROJECT_VERSION = 1.0;
				DEVELOPMENT_TEAM = 3L54M5L5KK;
				INFOPLIST_FILE = "$(SRCROOT)/AerialMusicHelper/AerialMusicHelper.plist";
				MACOSX_DEPLOYMENT_TARGET = 12.0;
				MARKETING_VERSION = 1.0;
				PRODUCT_BUNDLE_IDENTIFIER = com.glouel.AerialMusicHelper;
				PRODUCT_NAME = "$(TARGET_NAME)";
				SWIFT_VERSION = 5.0;
			};
			name = Debug;
		};
		F0A3E09C28845B8D005E8D8D /* Release */ = {
			isa = XCBuildConfiguration;
			buildSettings = {
				ASSETCATALOG_COMPILER_APPICON_NAME = AppIcon;
				CLANG_CXX_LANGUAGE_STANDARD = "gnu++20";
				CODE_SIGN_STYLE = Automatic;
				CURRENT_PROJECT_VERSION = 1.0;
				DEVELOPMENT_TEAM = 3L54M5L5KK;
				INFOPLIST_FILE = "$(SRCROOT)/AerialMusicHelper/AerialMusicHelper.plist";
				MACOSX_DEPLOYMENT_TARGET = 12.0;
				MARKETING_VERSION = 1.0;
				PRODUCT_BUNDLE_IDENTIFIER = com.glouel.AerialMusicHelper;
				PRODUCT_NAME = "$(TARGET_NAME)";
				SWIFT_VERSION = 5.0;
			};
			name = Release;
		};
/* End XCBuildConfiguration section */

/* Begin XCConfigurationList section */
		03CE4F5024CB0CA700494D32 /* Build configuration list for PBXProject "AerialUpdater" */ = {
			isa = XCConfigurationList;
			buildConfigurations = (
				03CE4F6324CB0CA900494D32 /* Debug */,
				03CE4F6424CB0CA900494D32 /* Release */,
			);
			defaultConfigurationIsVisible = 0;
			defaultConfigurationName = Release;
		};
		03CE4F6524CB0CA900494D32 /* Build configuration list for PBXNativeTarget "Aerial Companion" */ = {
			isa = XCConfigurationList;
			buildConfigurations = (
				03CE4F6624CB0CA900494D32 /* Debug */,
				03CE4F6724CB0CA900494D32 /* Release */,
			);
			defaultConfigurationIsVisible = 0;
			defaultConfigurationName = Release;
		};
		F0A3E09A28845B8D005E8D8D /* Build configuration list for PBXNativeTarget "AerialMusicHelper" */ = {
			isa = XCConfigurationList;
			buildConfigurations = (
				F0A3E09B28845B8D005E8D8D /* Debug */,
				F0A3E09C28845B8D005E8D8D /* Release */,
			);
			defaultConfigurationIsVisible = 0;
			defaultConfigurationName = Release;
		};
/* End XCConfigurationList section */
	};
	rootObject = 03CE4F4D24CB0CA700494D32 /* Project object */;
}
