// !$*UTF8*$!
{
	archiveVersion = 1;
	classes = {
	};
	objectVersion = 50;
	objects = {

/* Begin PBXBuildFile section */
		0319460624CDBD2600F37B35 /* BackgroundCheck.swift in Sources */ = {isa = PBXBuildFile; fileRef = 0319460524CDBD2600F37B35 /* BackgroundCheck.swift */; };
		03592AB224CC765500C1AE52 /* Preferences.swift in Sources */ = {isa = PBXBuildFile; fileRef = 03592AB124CC765500C1AE52 /* Preferences.swift */; };
		03592AB524CC809F00C1AE52 /* LocalVersion.swift in Sources */ = {isa = PBXBuildFile; fileRef = 03592AB424CC809F00C1AE52 /* LocalVersion.swift */; };
		03592AB824CC80FD00C1AE52 /* Helpers.swift in Sources */ = {isa = PBXBuildFile; fileRef = 03592AB724CC80FD00C1AE52 /* Helpers.swift */; };
		03592ABC24CC821500C1AE52 /* Update.swift in Sources */ = {isa = PBXBuildFile; fileRef = 03592ABB24CC821500C1AE52 /* Update.swift */; };
		03592ABE24CC86E900C1AE52 /* CachedManifest.swift in Sources */ = {isa = PBXBuildFile; fileRef = 03592ABD24CC86E900C1AE52 /* CachedManifest.swift */; };
		035F6F1C24CC8D97002E4EEE /* ErrorLog.swift in Sources */ = {isa = PBXBuildFile; fileRef = 035F6F1B24CC8D97002E4EEE /* ErrorLog.swift */; };
		03CE4F5924CB0CA700494D32 /* AppDelegate.swift in Sources */ = {isa = PBXBuildFile; fileRef = 03CE4F5824CB0CA700494D32 /* AppDelegate.swift */; };
		03CE4F5B24CB0CA700494D32 /* ViewController.swift in Sources */ = {isa = PBXBuildFile; fileRef = 03CE4F5A24CB0CA700494D32 /* ViewController.swift */; };
		03CE4F5D24CB0CA900494D32 /* Assets.xcassets in Resources */ = {isa = PBXBuildFile; fileRef = 03CE4F5C24CB0CA900494D32 /* Assets.xcassets */; };
		03CE4F6024CB0CA900494D32 /* Main.storyboard in Resources */ = {isa = PBXBuildFile; fileRef = 03CE4F5E24CB0CA900494D32 /* Main.storyboard */; };
		03CE4F7E24CB43FE00494D32 /* Manifest.swift in Sources */ = {isa = PBXBuildFile; fileRef = 03CE4F7D24CB43FE00494D32 /* Manifest.swift */; };
		03CE4F8024CB4CFB00494D32 /* FileDownloader.swift in Sources */ = {isa = PBXBuildFile; fileRef = 03CE4F7F24CB4CFB00494D32 /* FileDownloader.swift */; };
		03D50E6B24CC35F600D391D1 /* MenuView.xib in Resources */ = {isa = PBXBuildFile; fileRef = 03D50E6A24CC35F600D391D1 /* MenuView.xib */; };
/* End PBXBuildFile section */

/* Begin PBXFileReference section */
		0319460524CDBD2600F37B35 /* BackgroundCheck.swift */ = {isa = PBXFileReference; lastKnownFileType = sourcecode.swift; path = BackgroundCheck.swift; sourceTree = "<group>"; };
		03592AB124CC765500C1AE52 /* Preferences.swift */ = {isa = PBXFileReference; lastKnownFileType = sourcecode.swift; path = Preferences.swift; sourceTree = "<group>"; };
		03592AB424CC809F00C1AE52 /* LocalVersion.swift */ = {isa = PBXFileReference; lastKnownFileType = sourcecode.swift; path = LocalVersion.swift; sourceTree = "<group>"; };
		03592AB724CC80FD00C1AE52 /* Helpers.swift */ = {isa = PBXFileReference; lastKnownFileType = sourcecode.swift; path = Helpers.swift; sourceTree = "<group>"; };
		03592ABB24CC821500C1AE52 /* Update.swift */ = {isa = PBXFileReference; lastKnownFileType = sourcecode.swift; path = Update.swift; sourceTree = "<group>"; };
		03592ABD24CC86E900C1AE52 /* CachedManifest.swift */ = {isa = PBXFileReference; lastKnownFileType = sourcecode.swift; path = CachedManifest.swift; sourceTree = "<group>"; };
		035F6F1B24CC8D97002E4EEE /* ErrorLog.swift */ = {isa = PBXFileReference; lastKnownFileType = sourcecode.swift; path = ErrorLog.swift; sourceTree = "<group>"; };
		03CE4F5524CB0CA700494D32 /* AerialUpdater.app */ = {isa = PBXFileReference; explicitFileType = wrapper.application; includeInIndex = 0; path = AerialUpdater.app; sourceTree = BUILT_PRODUCTS_DIR; };
		03CE4F5824CB0CA700494D32 /* AppDelegate.swift */ = {isa = PBXFileReference; lastKnownFileType = sourcecode.swift; path = AppDelegate.swift; sourceTree = "<group>"; };
		03CE4F5A24CB0CA700494D32 /* ViewController.swift */ = {isa = PBXFileReference; lastKnownFileType = sourcecode.swift; path = ViewController.swift; sourceTree = "<group>"; };
		03CE4F5C24CB0CA900494D32 /* Assets.xcassets */ = {isa = PBXFileReference; lastKnownFileType = folder.assetcatalog; path = Assets.xcassets; sourceTree = "<group>"; };
		03CE4F5F24CB0CA900494D32 /* Base */ = {isa = PBXFileReference; lastKnownFileType = file.storyboard; name = Base; path = Base.lproj/Main.storyboard; sourceTree = "<group>"; };
		03CE4F6124CB0CA900494D32 /* Info.plist */ = {isa = PBXFileReference; lastKnownFileType = text.plist.xml; path = Info.plist; sourceTree = "<group>"; };
		03CE4F6224CB0CA900494D32 /* AerialUpdater.entitlements */ = {isa = PBXFileReference; lastKnownFileType = text.plist.entitlements; path = AerialUpdater.entitlements; sourceTree = "<group>"; };
		03CE4F7D24CB43FE00494D32 /* Manifest.swift */ = {isa = PBXFileReference; lastKnownFileType = sourcecode.swift; path = Manifest.swift; sourceTree = "<group>"; };
		03CE4F7F24CB4CFB00494D32 /* FileDownloader.swift */ = {isa = PBXFileReference; lastKnownFileType = sourcecode.swift; path = FileDownloader.swift; sourceTree = "<group>"; };
		03D50E6A24CC35F600D391D1 /* MenuView.xib */ = {isa = PBXFileReference; lastKnownFileType = file.xib; path = MenuView.xib; sourceTree = "<group>"; };
/* End PBXFileReference section */

/* Begin PBXFrameworksBuildPhase section */
		03CE4F5224CB0CA700494D32 /* Frameworks */ = {
			isa = PBXFrameworksBuildPhase;
			buildActionMask = 2147483647;
			files = (
			);
			runOnlyForDeploymentPostprocessing = 0;
		};
/* End PBXFrameworksBuildPhase section */

/* Begin PBXGroup section */
		03592AB624CC80A600C1AE52 /* Model */ = {
			isa = PBXGroup;
			children = (
				035F6F1924CC8774002E4EEE /* Manifest */,
				035F6F1A24CC8842002E4EEE /* Helpers */,
				03592AB124CC765500C1AE52 /* Preferences.swift */,
				03592AB424CC809F00C1AE52 /* LocalVersion.swift */,
				03592ABB24CC821500C1AE52 /* Update.swift */,
				0319460524CDBD2600F37B35 /* BackgroundCheck.swift */,
			);
			path = Model;
			sourceTree = "<group>";
		};
		035F6F1924CC8774002E4EEE /* Manifest */ = {
			isa = PBXGroup;
			children = (
				03CE4F7D24CB43FE00494D32 /* Manifest.swift */,
				03592ABD24CC86E900C1AE52 /* CachedManifest.swift */,
			);
			path = Manifest;
			sourceTree = "<group>";
		};
		035F6F1A24CC8842002E4EEE /* Helpers */ = {
			isa = PBXGroup;
			children = (
				03592AB724CC80FD00C1AE52 /* Helpers.swift */,
				03CE4F7F24CB4CFB00494D32 /* FileDownloader.swift */,
				035F6F1B24CC8D97002E4EEE /* ErrorLog.swift */,
			);
			path = Helpers;
			sourceTree = "<group>";
		};
		03CE4F4C24CB0CA700494D32 = {
			isa = PBXGroup;
			children = (
				03CE4F5724CB0CA700494D32 /* AerialUpdater */,
				03CE4F5624CB0CA700494D32 /* Products */,
			);
			sourceTree = "<group>";
		};
		03CE4F5624CB0CA700494D32 /* Products */ = {
			isa = PBXGroup;
			children = (
				03CE4F5524CB0CA700494D32 /* AerialUpdater.app */,
			);
			name = Products;
			sourceTree = "<group>";
		};
		03CE4F5724CB0CA700494D32 /* AerialUpdater */ = {
			isa = PBXGroup;
			children = (
				03D50E6A24CC35F600D391D1 /* MenuView.xib */,
				03CE4F5824CB0CA700494D32 /* AppDelegate.swift */,
				03CE4F5A24CB0CA700494D32 /* ViewController.swift */,
				03CE4F5C24CB0CA900494D32 /* Assets.xcassets */,
				03CE4F5E24CB0CA900494D32 /* Main.storyboard */,
				03CE4F6124CB0CA900494D32 /* Info.plist */,
				03CE4F6224CB0CA900494D32 /* AerialUpdater.entitlements */,
				03592AB624CC80A600C1AE52 /* Model */,
			);
			path = AerialUpdater;
			sourceTree = "<group>";
		};
/* End PBXGroup section */

/* Begin PBXNativeTarget section */
		03CE4F5424CB0CA700494D32 /* AerialUpdater */ = {
			isa = PBXNativeTarget;
			buildConfigurationList = 03CE4F6524CB0CA900494D32 /* Build configuration list for PBXNativeTarget "AerialUpdater" */;
			buildPhases = (
				03CE4F5124CB0CA700494D32 /* Sources */,
				03CE4F5224CB0CA700494D32 /* Frameworks */,
				03CE4F5324CB0CA700494D32 /* Resources */,
			);
			buildRules = (
			);
			dependencies = (
			);
			name = AerialUpdater;
			productName = AerialUpdater;
			productReference = 03CE4F5524CB0CA700494D32 /* AerialUpdater.app */;
			productType = "com.apple.product-type.application";
		};
/* End PBXNativeTarget section */

/* Begin PBXProject section */
		03CE4F4D24CB0CA700494D32 /* Project object */ = {
			isa = PBXProject;
			attributes = {
				LastSwiftUpdateCheck = 1200;
				LastUpgradeCheck = 1200;
				TargetAttributes = {
					03CE4F5424CB0CA700494D32 = {
						CreatedOnToolsVersion = 12.0;
					};
				};
			};
			buildConfigurationList = 03CE4F5024CB0CA700494D32 /* Build configuration list for PBXProject "AerialUpdater" */;
			compatibilityVersion = "Xcode 9.3";
			developmentRegion = en;
			hasScannedForEncodings = 0;
			knownRegions = (
				en,
				Base,
			);
			mainGroup = 03CE4F4C24CB0CA700494D32;
			productRefGroup = 03CE4F5624CB0CA700494D32 /* Products */;
			projectDirPath = "";
			projectRoot = "";
			targets = (
				03CE4F5424CB0CA700494D32 /* AerialUpdater */,
			);
		};
/* End PBXProject section */

/* Begin PBXResourcesBuildPhase section */
		03CE4F5324CB0CA700494D32 /* Resources */ = {
			isa = PBXResourcesBuildPhase;
			buildActionMask = 2147483647;
			files = (
				03CE4F5D24CB0CA900494D32 /* Assets.xcassets in Resources */,
				03D50E6B24CC35F600D391D1 /* MenuView.xib in Resources */,
				03CE4F6024CB0CA900494D32 /* Main.storyboard in Resources */,
			);
			runOnlyForDeploymentPostprocessing = 0;
		};
/* End PBXResourcesBuildPhase section */

/* Begin PBXSourcesBuildPhase section */
		03CE4F5124CB0CA700494D32 /* Sources */ = {
			isa = PBXSourcesBuildPhase;
			buildActionMask = 2147483647;
			files = (
				03CE4F7E24CB43FE00494D32 /* Manifest.swift in Sources */,
				0319460624CDBD2600F37B35 /* BackgroundCheck.swift in Sources */,
				03592AB524CC809F00C1AE52 /* LocalVersion.swift in Sources */,
				03592ABE24CC86E900C1AE52 /* CachedManifest.swift in Sources */,
				03CE4F5B24CB0CA700494D32 /* ViewController.swift in Sources */,
				03592ABC24CC821500C1AE52 /* Update.swift in Sources */,
				03592AB824CC80FD00C1AE52 /* Helpers.swift in Sources */,
				03592AB224CC765500C1AE52 /* Preferences.swift in Sources */,
				03CE4F5924CB0CA700494D32 /* AppDelegate.swift in Sources */,
				03CE4F8024CB4CFB00494D32 /* FileDownloader.swift in Sources */,
				035F6F1C24CC8D97002E4EEE /* ErrorLog.swift in Sources */,
			);
			runOnlyForDeploymentPostprocessing = 0;
		};
/* End PBXSourcesBuildPhase section */

/* Begin PBXVariantGroup section */
		03CE4F5E24CB0CA900494D32 /* Main.storyboard */ = {
			isa = PBXVariantGroup;
			children = (
				03CE4F5F24CB0CA900494D32 /* Base */,
			);
			name = Main.storyboard;
			sourceTree = "<group>";
		};
/* End PBXVariantGroup section */

/* Begin XCBuildConfiguration section */
		03CE4F6324CB0CA900494D32 /* Debug */ = {
			isa = XCBuildConfiguration;
			buildSettings = {
				ALWAYS_SEARCH_USER_PATHS = NO;
				CLANG_ANALYZER_NONNULL = YES;
				CLANG_ANALYZER_NUMBER_OBJECT_CONVERSION = YES_AGGRESSIVE;
				CLANG_CXX_LANGUAGE_STANDARD = "gnu++14";
				CLANG_CXX_LIBRARY = "libc++";
				CLANG_ENABLE_MODULES = YES;
				CLANG_ENABLE_OBJC_ARC = YES;
				CLANG_ENABLE_OBJC_WEAK = YES;
				CLANG_WARN_BLOCK_CAPTURE_AUTORELEASING = YES;
				CLANG_WARN_BOOL_CONVERSION = YES;
				CLANG_WARN_COMMA = YES;
				CLANG_WARN_CONSTANT_CONVERSION = YES;
				CLANG_WARN_DEPRECATED_OBJC_IMPLEMENTATIONS = YES;
				CLANG_WARN_DIRECT_OBJC_ISA_USAGE = YES_ERROR;
				CLANG_WARN_DOCUMENTATION_COMMENTS = YES;
				CLANG_WARN_EMPTY_BODY = YES;
				CLANG_WARN_ENUM_CONVERSION = YES;
				CLANG_WARN_INFINITE_RECURSION = YES;
				CLANG_WARN_INT_CONVERSION = YES;
				CLANG_WARN_NON_LITERAL_NULL_CONVERSION = YES;
				CLANG_WARN_OBJC_IMPLICIT_RETAIN_SELF = YES;
				CLANG_WARN_OBJC_LITERAL_CONVERSION = YES;
				CLANG_WARN_OBJC_ROOT_CLASS = YES_ERROR;
				CLANG_WARN_QUOTED_INCLUDE_IN_FRAMEWORK_HEADER = YES;
				CLANG_WARN_RANGE_LOOP_ANALYSIS = YES;
				CLANG_WARN_STRICT_PROTOTYPES = YES;
				CLANG_WARN_SUSPICIOUS_MOVE = YES;
				CLANG_WARN_UNGUARDED_AVAILABILITY = YES_AGGRESSIVE;
				CLANG_WARN_UNREACHABLE_CODE = YES;
				CLANG_WARN__DUPLICATE_METHOD_MATCH = YES;
				COPY_PHASE_STRIP = NO;
				DEBUG_INFORMATION_FORMAT = dwarf;
				ENABLE_STRICT_OBJC_MSGSEND = YES;
				ENABLE_TESTABILITY = YES;
				GCC_C_LANGUAGE_STANDARD = gnu11;
				GCC_DYNAMIC_NO_PIC = NO;
				GCC_NO_COMMON_BLOCKS = YES;
				GCC_OPTIMIZATION_LEVEL = 0;
				GCC_PREPROCESSOR_DEFINITIONS = (
					"DEBUG=1",
					"$(inherited)",
				);
				GCC_WARN_64_TO_32_BIT_CONVERSION = YES;
				GCC_WARN_ABOUT_RETURN_TYPE = YES_ERROR;
				GCC_WARN_UNDECLARED_SELECTOR = YES;
				GCC_WARN_UNINITIALIZED_AUTOS = YES_AGGRESSIVE;
				GCC_WARN_UNUSED_FUNCTION = YES;
				GCC_WARN_UNUSED_VARIABLE = YES;
				MACOSX_DEPLOYMENT_TARGET = 11.0;
				MTL_ENABLE_DEBUG_INFO = INCLUDE_SOURCE;
				MTL_FAST_MATH = YES;
				ONLY_ACTIVE_ARCH = YES;
				SDKROOT = macosx;
				SWIFT_ACTIVE_COMPILATION_CONDITIONS = DEBUG;
				SWIFT_OPTIMIZATION_LEVEL = "-Onone";
			};
			name = Debug;
		};
		03CE4F6424CB0CA900494D32 /* Release */ = {
			isa = XCBuildConfiguration;
			buildSettings = {
				ALWAYS_SEARCH_USER_PATHS = NO;
				CLANG_ANALYZER_NONNULL = YES;
				CLANG_ANALYZER_NUMBER_OBJECT_CONVERSION = YES_AGGRESSIVE;
				CLANG_CXX_LANGUAGE_STANDARD = "gnu++14";
				CLANG_CXX_LIBRARY = "libc++";
				CLANG_ENABLE_MODULES = YES;
				CLANG_ENABLE_OBJC_ARC = YES;
				CLANG_ENABLE_OBJC_WEAK = YES;
				CLANG_WARN_BLOCK_CAPTURE_AUTORELEASING = YES;
				CLANG_WARN_BOOL_CONVERSION = YES;
				CLANG_WARN_COMMA = YES;
				CLANG_WARN_CONSTANT_CONVERSION = YES;
				CLANG_WARN_DEPRECATED_OBJC_IMPLEMENTATIONS = YES;
				CLANG_WARN_DIRECT_OBJC_ISA_USAGE = YES_ERROR;
				CLANG_WARN_DOCUMENTATION_COMMENTS = YES;
				CLANG_WARN_EMPTY_BODY = YES;
				CLANG_WARN_ENUM_CONVERSION = YES;
				CLANG_WARN_INFINITE_RECURSION = YES;
				CLANG_WARN_INT_CONVERSION = YES;
				CLANG_WARN_NON_LITERAL_NULL_CONVERSION = YES;
				CLANG_WARN_OBJC_IMPLICIT_RETAIN_SELF = YES;
				CLANG_WARN_OBJC_LITERAL_CONVERSION = YES;
				CLANG_WARN_OBJC_ROOT_CLASS = YES_ERROR;
				CLANG_WARN_QUOTED_INCLUDE_IN_FRAMEWORK_HEADER = YES;
				CLANG_WARN_RANGE_LOOP_ANALYSIS = YES;
				CLANG_WARN_STRICT_PROTOTYPES = YES;
				CLANG_WARN_SUSPICIOUS_MOVE = YES;
				CLANG_WARN_UNGUARDED_AVAILABILITY = YES_AGGRESSIVE;
				CLANG_WARN_UNREACHABLE_CODE = YES;
				CLANG_WARN__DUPLICATE_METHOD_MATCH = YES;
				COPY_PHASE_STRIP = NO;
				DEBUG_INFORMATION_FORMAT = "dwarf-with-dsym";
				ENABLE_NS_ASSERTIONS = NO;
				ENABLE_STRICT_OBJC_MSGSEND = YES;
				GCC_C_LANGUAGE_STANDARD = gnu11;
				GCC_NO_COMMON_BLOCKS = YES;
				GCC_WARN_64_TO_32_BIT_CONVERSION = YES;
				GCC_WARN_ABOUT_RETURN_TYPE = YES_ERROR;
				GCC_WARN_UNDECLARED_SELECTOR = YES;
				GCC_WARN_UNINITIALIZED_AUTOS = YES_AGGRESSIVE;
				GCC_WARN_UNUSED_FUNCTION = YES;
				GCC_WARN_UNUSED_VARIABLE = YES;
				MACOSX_DEPLOYMENT_TARGET = 11.0;
				MTL_ENABLE_DEBUG_INFO = NO;
				MTL_FAST_MATH = YES;
				SDKROOT = macosx;
				SWIFT_COMPILATION_MODE = wholemodule;
				SWIFT_OPTIMIZATION_LEVEL = "-O";
			};
			name = Release;
		};
		03CE4F6624CB0CA900494D32 /* Debug */ = {
			isa = XCBuildConfiguration;
			buildSettings = {
				ASSETCATALOG_COMPILER_APPICON_NAME = AppIcon;
				ASSETCATALOG_COMPILER_GLOBAL_ACCENT_COLOR_NAME = AccentColor;
				CODE_SIGN_ENTITLEMENTS = AerialUpdater/AerialUpdater.entitlements;
				CODE_SIGN_STYLE = Automatic;
				COMBINE_HIDPI_IMAGES = YES;
				DEVELOPMENT_TEAM = 3L54M5L5KK;
				ENABLE_HARDENED_RUNTIME = YES;
				INFOPLIST_FILE = AerialUpdater/Info.plist;
				LD_RUNPATH_SEARCH_PATHS = (
					"$(inherited)",
					"@executable_path/../Frameworks",
				);
				MACOSX_DEPLOYMENT_TARGET = 10.12;
				MARKETING_VERSION = 0.4;
				PRODUCT_BUNDLE_IDENTIFIER = com.glouel.AerialUpdater;
				PRODUCT_NAME = "$(TARGET_NAME)";
				SWIFT_VERSION = 5.0;
			};
			name = Debug;
		};
		03CE4F6724CB0CA900494D32 /* Release */ = {
			isa = XCBuildConfiguration;
			buildSettings = {
				ASSETCATALOG_COMPILER_APPICON_NAME = AppIcon;
				ASSETCATALOG_COMPILER_GLOBAL_ACCENT_COLOR_NAME = AccentColor;
				CODE_SIGN_ENTITLEMENTS = AerialUpdater/AerialUpdater.entitlements;
				CODE_SIGN_STYLE = Automatic;
				COMBINE_HIDPI_IMAGES = YES;
				DEVELOPMENT_TEAM = 3L54M5L5KK;
				ENABLE_HARDENED_RUNTIME = YES;
				INFOPLIST_FILE = AerialUpdater/Info.plist;
				LD_RUNPATH_SEARCH_PATHS = (
					"$(inherited)",
					"@executable_path/../Frameworks",
				);
				MACOSX_DEPLOYMENT_TARGET = 10.12;
				MARKETING_VERSION = 0.4;
				PRODUCT_BUNDLE_IDENTIFIER = com.glouel.AerialUpdater;
				PRODUCT_NAME = "$(TARGET_NAME)";
				SWIFT_VERSION = 5.0;
			};
			name = Release;
		};
/* End XCBuildConfiguration section */

/* Begin XCConfigurationList section */
		03CE4F5024CB0CA700494D32 /* Build configuration list for PBXProject "AerialUpdater" */ = {
			isa = XCConfigurationList;
			buildConfigurations = (
				03CE4F6324CB0CA900494D32 /* Debug */,
				03CE4F6424CB0CA900494D32 /* Release */,
			);
			defaultConfigurationIsVisible = 0;
			defaultConfigurationName = Release;
		};
		03CE4F6524CB0CA900494D32 /* Build configuration list for PBXNativeTarget "AerialUpdater" */ = {
			isa = XCConfigurationList;
			buildConfigurations = (
				03CE4F6624CB0CA900494D32 /* Debug */,
				03CE4F6724CB0CA900494D32 /* Release */,
			);
			defaultConfigurationIsVisible = 0;
			defaultConfigurationName = Release;
		};
/* End XCConfigurationList section */
	};
	rootObject = 03CE4F4D24CB0CA700494D32 /* Project object */;
}
